
Microsoft Visual Studio Solution File, Format Version 12.00
# Visual Studio Version 17
VisualStudioVersion = 17.3.32825.248
MinimumVisualStudioVersion = 10.0.40219.1
Project("{FAE04EC0-301F-11D3-BF4B-00C04F79EFBC}") = "CSharp_Net_module3_2_1_lab_service", "MyWCFsolution\CSharp_Net_module3_2_1_lab_service.csproj", "{ECD17B59-CC68-45F2-8EDA-573CD46A1162}"
EndProject
Project("{FAE04EC0-301F-11D3-BF4B-00C04F79EFBC}") = "CSharp_Net_module3_2_1_lab_Conscl", "CSharp_Net_module3_2_1_lab_Conscl\CSharp_Net_module3_2_1_lab_Conscl.csproj", "{3FC755BC-9A86-44BE-A8F5-4D81D6D624ED}"
EndProject
Global
	GlobalSection(SolutionConfigurationPlatforms) = preSolution
		Debug|Any CPU = Debug|Any CPU
		Release|Any CPU = Release|Any CPU
	EndGlobalSection
	GlobalSection(ProjectConfigurationPlatforms) = postSolution
		{ECD17B59-CC68-45F2-8EDA-573CD46A1162}.Debug|Any CPU.ActiveCfg = Debug|Any CPU
		{ECD17B59-CC68-45F2-8EDA-573CD46A1162}.Debug|Any CPU.Build.0 = Debug|Any CPU
		{ECD17B59-CC68-45F2-8EDA-573CD46A1162}.Release|Any CPU.ActiveCfg = Release|Any CPU
		{ECD17B59-CC68-45F2-8EDA-573CD46A1162}.Release|Any CPU.Build.0 = Release|Any CPU
		{3FC755BC-9A86-44BE-A8F5-4D81D6D624ED}.Debug|Any CPU.ActiveCfg = Debug|Any CPU
		{3FC755BC-9A86-44BE-A8F5-4D81D6D624ED}.Debug|Any CPU.Build.0 = Debug|Any CPU
		{3FC755BC-9A86-44BE-A8F5-4D81D6D624ED}.Release|Any CPU.ActiveCfg = Release|Any CPU
		{3FC755BC-9A86-44BE-A8F5-4D81D6D624ED}.Release|Any CPU.Build.0 = Release|Any CPU
	EndGlobalSection
	GlobalSection(SolutionProperties) = preSolution
		HideSolutionNode = FALSE
	EndGlobalSection
	GlobalSection(ExtensibilityGlobals) = postSolution
		SolutionGuid = {1D2EDF08-E353-46F2-B4AA-FD70073B632F}
	EndGlobalSection
EndGlobal
